
Microsoft Visual Studio Solution File, Format Version 12.00
# Visual Studio 2012
Project("{FAE04EC0-301F-11D3-BF4B-00C04F79EFBC}") = "ContactApp", "ContactApp\ContactApp.csproj", "{71E11196-3E57-4317-BAB9-717EAF4EB75E}"
EndProject
Project("{FAE04EC0-301F-11D3-BF4B-00C04F79EFBC}") = "ContactApp.iOS", "iOS\ContactApp.iOS.csproj", "{D2AE18B8-32F5-40F7-9927-6BF705C7B9B6}"
EndProject
Project("{FAE04EC0-301F-11D3-BF4B-00C04F79EFBC}") = "ContactApp.Droid", "Droid\ContactApp.Droid.csproj", "{AF9ED9AC-BADA-41D3-8B56-34BACED3A6D4}"
EndProject
Global
	GlobalSection(SolutionConfigurationPlatforms) = preSolution
		Debug|Any CPU = Debug|Any CPU
		Release|Any CPU = Release|Any CPU
		Debug|iPhoneSimulator = Debug|iPhoneSimulator
		Release|iPhone = Release|iPhone
		Release|iPhoneSimulator = Release|iPhoneSimulator
		Debug|iPhone = Debug|iPhone
	EndGlobalSection
	GlobalSection(ProjectConfigurationPlatforms) = postSolution
		{71E11196-3E57-4317-BAB9-717EAF4EB75E}.Debug|Any CPU.ActiveCfg = Debug|Any CPU
		{71E11196-3E57-4317-BAB9-717EAF4EB75E}.Debug|Any CPU.Build.0 = Debug|Any CPU
		{71E11196-3E57-4317-BAB9-717EAF4EB75E}.Release|Any CPU.ActiveCfg = Release|Any CPU
		{71E11196-3E57-4317-BAB9-717EAF4EB75E}.Release|Any CPU.Build.0 = Release|Any CPU
		{71E11196-3E57-4317-BAB9-717EAF4EB75E}.Debug|iPhoneSimulator.ActiveCfg = Debug|Any CPU
		{71E11196-3E57-4317-BAB9-717EAF4EB75E}.Debug|iPhoneSimulator.Build.0 = Debug|Any CPU
		{71E11196-3E57-4317-BAB9-717EAF4EB75E}.Release|iPhone.ActiveCfg = Release|Any CPU
		{71E11196-3E57-4317-BAB9-717EAF4EB75E}.Release|iPhone.Build.0 = Release|Any CPU
		{71E11196-3E57-4317-BAB9-717EAF4EB75E}.Release|iPhoneSimulator.ActiveCfg = Release|Any CPU
		{71E11196-3E57-4317-BAB9-717EAF4EB75E}.Release|iPhoneSimulator.Build.0 = Release|Any CPU
		{71E11196-3E57-4317-BAB9-717EAF4EB75E}.Debug|iPhone.ActiveCfg = Debug|Any CPU
		{71E11196-3E57-4317-BAB9-717EAF4EB75E}.Debug|iPhone.Build.0 = Debug|Any CPU
		{D2AE18B8-32F5-40F7-9927-6BF705C7B9B6}.Debug|Any CPU.ActiveCfg = Debug|iPhoneSimulator
		{D2AE18B8-32F5-40F7-9927-6BF705C7B9B6}.Debug|Any CPU.Build.0 = Debug|iPhoneSimulator
		{D2AE18B8-32F5-40F7-9927-6BF705C7B9B6}.Release|Any CPU.ActiveCfg = Release|iPhone
		{D2AE18B8-32F5-40F7-9927-6BF705C7B9B6}.Release|Any CPU.Build.0 = Release|iPhone
		{D2AE18B8-32F5-40F7-9927-6BF705C7B9B6}.Debug|iPhoneSimulator.ActiveCfg = Debug|iPhoneSimulator
		{D2AE18B8-32F5-40F7-9927-6BF705C7B9B6}.Debug|iPhoneSimulator.Build.0 = Debug|iPhoneSimulator
		{D2AE18B8-32F5-40F7-9927-6BF705C7B9B6}.Release|iPhone.ActiveCfg = Release|iPhone
		{D2AE18B8-32F5-40F7-9927-6BF705C7B9B6}.Release|iPhone.Build.0 = Release|iPhone
		{D2AE18B8-32F5-40F7-9927-6BF705C7B9B6}.Release|iPhoneSimulator.ActiveCfg = Release|iPhoneSimulator
		{D2AE18B8-32F5-40F7-9927-6BF705C7B9B6}.Release|iPhoneSimulator.Build.0 = Release|iPhoneSimulator
		{D2AE18B8-32F5-40F7-9927-6BF705C7B9B6}.Debug|iPhone.ActiveCfg = Debug|iPhone
		{D2AE18B8-32F5-40F7-9927-6BF705C7B9B6}.Debug|iPhone.Build.0 = Debug|iPhone
		{AF9ED9AC-BADA-41D3-8B56-34BACED3A6D4}.Debug|Any CPU.ActiveCfg = Debug|Any CPU
		{AF9ED9AC-BADA-41D3-8B56-34BACED3A6D4}.Debug|Any CPU.Build.0 = Debug|Any CPU
		{AF9ED9AC-BADA-41D3-8B56-34BACED3A6D4}.Release|Any CPU.ActiveCfg = Release|Any CPU
		{AF9ED9AC-BADA-41D3-8B56-34BACED3A6D4}.Release|Any CPU.Build.0 = Release|Any CPU
		{AF9ED9AC-BADA-41D3-8B56-34BACED3A6D4}.Debug|iPhoneSimulator.ActiveCfg = Debug|Any CPU
		{AF9ED9AC-BADA-41D3-8B56-34BACED3A6D4}.Debug|iPhoneSimulator.Build.0 = Debug|Any CPU
		{AF9ED9AC-BADA-41D3-8B56-34BACED3A6D4}.Release|iPhone.ActiveCfg = Release|Any CPU
		{AF9ED9AC-BADA-41D3-8B56-34BACED3A6D4}.Release|iPhone.Build.0 = Release|Any CPU
		{AF9ED9AC-BADA-41D3-8B56-34BACED3A6D4}.Release|iPhoneSimulator.ActiveCfg = Release|Any CPU
		{AF9ED9AC-BADA-41D3-8B56-34BACED3A6D4}.Release|iPhoneSimulator.Build.0 = Release|Any CPU
		{AF9ED9AC-BADA-41D3-8B56-34BACED3A6D4}.Debug|iPhone.ActiveCfg = Debug|Any CPU
		{AF9ED9AC-BADA-41D3-8B56-34BACED3A6D4}.Debug|iPhone.Build.0 = Debug|Any CPU
	EndGlobalSection
EndGlobal
